
Microsoft Visual Studio Solution File, Format Version 12.00
# Visual Studio Version 17
VisualStudioVersion = 17.0.31903.59
MinimumVisualStudioVersion = 10.0.40219.1
Project("{FAE04EC0-301F-11D3-BF4B-00C04F79EFBC}") = "SRdeck", "SRdeck\SRdeck.csproj", "{77C04BA3-372D-464E-BAEA-F7C8BC0002C0}"
EndProject
Project("{FAE04EC0-301F-11D3-BF4B-00C04F79EFBC}") = "SRdeckCore.SignalProcessing", "SRdeckCore.SignalProcessing\SRdeckCore.SignalProcessing.csproj", "{25D4D453-1B93-4A9D-94DF-75C70B5389F7}"
EndProject
Project("{FAE04EC0-301F-11D3-BF4B-00C04F79EFBC}") = "SRdeckPlugin.Contracts", "SRdeckPlugin.Contracts\SRdeckPlugin.Contracts.csproj", "{18330C05-55B6-40DE-B761-30646AEBACE8}"
EndProject
Project("{FAE04EC0-301F-11D3-BF4B-00C04F79EFBC}") = "SRdeckPlugin.Sdk", "SRdeckPlugin.Sdk\SRdeckPlugin.Sdk.csproj", "{502BC3B2-109D-4100-84D4-2FF80473ACBC}"
EndProject
Project("{FAE04EC0-301F-11D3-BF4B-00C04F79EFBC}") = "SRdeckPlugin.Wpf", "SRdeckPlugin.Wpf\SRdeckPlugin.Wpf.csproj", "{7FD738FF-C926-4F22-923D-E3E74F5B6293}"
EndProject
Project("{2150E333-8FDC-42A3-9474-1A3956D46DE8}") = "docs", "docs", "{208BA388-4CEE-2CBF-559C-5607C099C1F8}"
EndProject
Project("{2150E333-8FDC-42A3-9474-1A3956D46DE8}") = "samples", "samples", "{DC9282B2-46FF-2A30-0663-EFD8AB75CB07}"
EndProject
Project("{FAE04EC0-301F-11D3-BF4B-00C04F79EFBC}") = "SRdeckPlugin.Example", "docs\samples\SRdeckPlugin.Example\SRdeckPlugin.Example.csproj", "{EFD3ED7A-966D-4207-8B06-AB5B05B35112}"
EndProject
Project("{FAE04EC0-301F-11D3-BF4B-00C04F79EFBC}") = "SRdeckPlugin.Example.Tests", "docs\samples\SRdeckPlugin.Example.Tests\SRdeckPlugin.Example.Tests.csproj", "{E9433713-0E80-45F6-B6CD-A37C80207785}"
EndProject
Project("{FAE04EC0-301F-11D3-BF4B-00C04F79EFBC}") = "SRdeckPlugin.ChannelExample", "docs\samples\SRdeckPlugin.ChannelExample\SRdeckPlugin.ChannelExample.csproj", "{2ED49886-2277-4061-AAC1-D3B808EA4C4F}"
EndProject
Global
	GlobalSection(SolutionConfigurationPlatforms) = preSolution
		Debug|Any CPU = Debug|Any CPU
		Debug|x64 = Debug|x64
		Debug|x86 = Debug|x86
		Release|Any CPU = Release|Any CPU
		Release|x64 = Release|x64
		Release|x86 = Release|x86
	EndGlobalSection
	GlobalSection(ProjectConfigurationPlatforms) = postSolution
		{77C04BA3-372D-464E-BAEA-F7C8BC0002C0}.Debug|Any CPU.ActiveCfg = Debug|x64
		{77C04BA3-372D-464E-BAEA-F7C8BC0002C0}.Debug|Any CPU.Build.0 = Debug|x64
		{77C04BA3-372D-464E-BAEA-F7C8BC0002C0}.Debug|x64.ActiveCfg = Debug|x64
		{77C04BA3-372D-464E-BAEA-F7C8BC0002C0}.Debug|x64.Build.0 = Debug|x64
		{77C04BA3-372D-464E-BAEA-F7C8BC0002C0}.Debug|x86.ActiveCfg = Debug|x64
		{77C04BA3-372D-464E-BAEA-F7C8BC0002C0}.Debug|x86.Build.0 = Debug|x64
		{77C04BA3-372D-464E-BAEA-F7C8BC0002C0}.Release|Any CPU.ActiveCfg = Release|x64
		{77C04BA3-372D-464E-BAEA-F7C8BC0002C0}.Release|Any CPU.Build.0 = Release|x64
		{77C04BA3-372D-464E-BAEA-F7C8BC0002C0}.Release|x64.ActiveCfg = Release|x64
		{77C04BA3-372D-464E-BAEA-F7C8BC0002C0}.Release|x64.Build.0 = Release|x64
		{77C04BA3-372D-464E-BAEA-F7C8BC0002C0}.Release|x86.ActiveCfg = Release|x64
		{77C04BA3-372D-464E-BAEA-F7C8BC0002C0}.Release|x86.Build.0 = Release|x64
		{25D4D453-1B93-4A9D-94DF-75C70B5389F7}.Debug|Any CPU.ActiveCfg = Debug|x64
		{25D4D453-1B93-4A9D-94DF-75C70B5389F7}.Debug|Any CPU.Build.0 = Debug|x64
		{25D4D453-1B93-4A9D-94DF-75C70B5389F7}.Debug|x64.ActiveCfg = Debug|x64
		{25D4D453-1B93-4A9D-94DF-75C70B5389F7}.Debug|x64.Build.0 = Debug|x64
		{25D4D453-1B93-4A9D-94DF-75C70B5389F7}.Debug|x86.ActiveCfg = Debug|x64
		{25D4D453-1B93-4A9D-94DF-75C70B5389F7}.Debug|x86.Build.0 = Debug|x64
		{25D4D453-1B93-4A9D-94DF-75C70B5389F7}.Release|Any CPU.ActiveCfg = Release|x64
		{25D4D453-1B93-4A9D-94DF-75C70B5389F7}.Release|Any CPU.Build.0 = Release|x64
		{25D4D453-1B93-4A9D-94DF-75C70B5389F7}.Release|x64.ActiveCfg = Release|x64
		{25D4D453-1B93-4A9D-94DF-75C70B5389F7}.Release|x64.Build.0 = Release|x64
		{25D4D453-1B93-4A9D-94DF-75C70B5389F7}.Release|x86.ActiveCfg = Release|x64
		{25D4D453-1B93-4A9D-94DF-75C70B5389F7}.Release|x86.Build.0 = Release|x64
		{18330C05-55B6-40DE-B761-30646AEBACE8}.Debug|Any CPU.ActiveCfg = Debug|x64
		{18330C05-55B6-40DE-B761-30646AEBACE8}.Debug|Any CPU.Build.0 = Debug|x64
		{18330C05-55B6-40DE-B761-30646AEBACE8}.Debug|x64.ActiveCfg = Debug|x64
		{18330C05-55B6-40DE-B761-30646AEBACE8}.Debug|x64.Build.0 = Debug|x64
		{18330C05-55B6-40DE-B761-30646AEBACE8}.Debug|x86.ActiveCfg = Debug|x64
		{18330C05-55B6-40DE-B761-30646AEBACE8}.Debug|x86.Build.0 = Debug|x64
		{18330C05-55B6-40DE-B761-30646AEBACE8}.Release|Any CPU.ActiveCfg = Release|x64
		{18330C05-55B6-40DE-B761-30646AEBACE8}.Release|Any CPU.Build.0 = Release|x64
		{18330C05-55B6-40DE-B761-30646AEBACE8}.Release|x64.ActiveCfg = Release|x64
		{18330C05-55B6-40DE-B761-30646AEBACE8}.Release|x64.Build.0 = Release|x64
		{18330C05-55B6-40DE-B761-30646AEBACE8}.Release|x86.ActiveCfg = Release|x64
		{18330C05-55B6-40DE-B761-30646AEBACE8}.Release|x86.Build.0 = Release|x64
		{502BC3B2-109D-4100-84D4-2FF80473ACBC}.Debug|Any CPU.ActiveCfg = Debug|x64
		{502BC3B2-109D-4100-84D4-2FF80473ACBC}.Debug|Any CPU.Build.0 = Debug|x64
		{502BC3B2-109D-4100-84D4-2FF80473ACBC}.Debug|x64.ActiveCfg = Debug|x64
		{502BC3B2-109D-4100-84D4-2FF80473ACBC}.Debug|x64.Build.0 = Debug|x64
		{502BC3B2-109D-4100-84D4-2FF80473ACBC}.Debug|x86.ActiveCfg = Debug|x64
		{502BC3B2-109D-4100-84D4-2FF80473ACBC}.Debug|x86.Build.0 = Debug|x64
		{502BC3B2-109D-4100-84D4-2FF80473ACBC}.Release|Any CPU.ActiveCfg = Release|x64
		{502BC3B2-109D-4100-84D4-2FF80473ACBC}.Release|Any CPU.Build.0 = Release|x64
		{502BC3B2-109D-4100-84D4-2FF80473ACBC}.Release|x64.ActiveCfg = Release|x64
		{502BC3B2-109D-4100-84D4-2FF80473ACBC}.Release|x64.Build.0 = Release|x64
		{502BC3B2-109D-4100-84D4-2FF80473ACBC}.Release|x86.ActiveCfg = Release|x64
		{502BC3B2-109D-4100-84D4-2FF80473ACBC}.Release|x86.Build.0 = Release|x64
		{7FD738FF-C926-4F22-923D-E3E74F5B6293}.Debug|Any CPU.ActiveCfg = Debug|x64
		{7FD738FF-C926-4F22-923D-E3E74F5B6293}.Debug|Any CPU.Build.0 = Debug|x64
		{7FD738FF-C926-4F22-923D-E3E74F5B6293}.Debug|x64.ActiveCfg = Debug|x64
		{7FD738FF-C926-4F22-923D-E3E74F5B6293}.Debug|x64.Build.0 = Debug|x64
		{7FD738FF-C926-4F22-923D-E3E74F5B6293}.Debug|x86.ActiveCfg = Debug|x64
		{7FD738FF-C926-4F22-923D-E3E74F5B6293}.Debug|x86.Build.0 = Debug|x64
		{7FD738FF-C926-4F22-923D-E3E74F5B6293}.Release|Any CPU.ActiveCfg = Release|x64
		{7FD738FF-C926-4F22-923D-E3E74F5B6293}.Release|Any CPU.Build.0 = Release|x64
		{7FD738FF-C926-4F22-923D-E3E74F5B6293}.Release|x64.ActiveCfg = Release|x64
		{7FD738FF-C926-4F22-923D-E3E74F5B6293}.Release|x64.Build.0 = Release|x64
		{7FD738FF-C926-4F22-923D-E3E74F5B6293}.Release|x86.ActiveCfg = Release|x64
		{7FD738FF-C926-4F22-923D-E3E74F5B6293}.Release|x86.Build.0 = Release|x64
		{EFD3ED7A-966D-4207-8B06-AB5B05B35112}.Debug|Any CPU.ActiveCfg = Debug|x64
		{EFD3ED7A-966D-4207-8B06-AB5B05B35112}.Debug|Any CPU.Build.0 = Debug|x64
		{EFD3ED7A-966D-4207-8B06-AB5B05B35112}.Debug|x64.ActiveCfg = Debug|x64
		{EFD3ED7A-966D-4207-8B06-AB5B05B35112}.Debug|x64.Build.0 = Debug|x64
		{EFD3ED7A-966D-4207-8B06-AB5B05B35112}.Debug|x86.ActiveCfg = Debug|x64
		{EFD3ED7A-966D-4207-8B06-AB5B05B35112}.Debug|x86.Build.0 = Debug|x64
		{EFD3ED7A-966D-4207-8B06-AB5B05B35112}.Release|Any CPU.ActiveCfg = Release|x64
		{EFD3ED7A-966D-4207-8B06-AB5B05B35112}.Release|Any CPU.Build.0 = Release|x64
		{EFD3ED7A-966D-4207-8B06-AB5B05B35112}.Release|x64.ActiveCfg = Release|x64
		{EFD3ED7A-966D-4207-8B06-AB5B05B35112}.Release|x64.Build.0 = Release|x64
		{EFD3ED7A-966D-4207-8B06-AB5B05B35112}.Release|x86.ActiveCfg = Release|x64
		{EFD3ED7A-966D-4207-8B06-AB5B05B35112}.Release|x86.Build.0 = Release|x64
		{E9433713-0E80-45F6-B6CD-A37C80207785}.Debug|Any CPU.ActiveCfg = Debug|x64
		{E9433713-0E80-45F6-B6CD-A37C80207785}.Debug|Any CPU.Build.0 = Debug|x64
		{E9433713-0E80-45F6-B6CD-A37C80207785}.Debug|x64.ActiveCfg = Debug|x64
		{E9433713-0E80-45F6-B6CD-A37C80207785}.Debug|x64.Build.0 = Debug|x64
		{E9433713-0E80-45F6-B6CD-A37C80207785}.Debug|x86.ActiveCfg = Debug|x64
		{E9433713-0E80-45F6-B6CD-A37C80207785}.Debug|x86.Build.0 = Debug|x64
		{E9433713-0E80-45F6-B6CD-A37C80207785}.Release|Any CPU.ActiveCfg = Release|x64
		{E9433713-0E80-45F6-B6CD-A37C80207785}.Release|Any CPU.Build.0 = Release|x64
		{E9433713-0E80-45F6-B6CD-A37C80207785}.Release|x64.ActiveCfg = Release|x64
		{E9433713-0E80-45F6-B6CD-A37C80207785}.Release|x64.Build.0 = Release|x64
		{E9433713-0E80-45F6-B6CD-A37C80207785}.Release|x86.ActiveCfg = Release|x64
		{E9433713-0E80-45F6-B6CD-A37C80207785}.Release|x86.Build.0 = Release|x64
		{2ED49886-2277-4061-AAC1-D3B808EA4C4F}.Debug|Any CPU.ActiveCfg = Debug|x64
		{2ED49886-2277-4061-AAC1-D3B808EA4C4F}.Debug|Any CPU.Build.0 = Debug|x64
		{2ED49886-2277-4061-AAC1-D3B808EA4C4F}.Debug|x64.ActiveCfg = Debug|x64
		{2ED49886-2277-4061-AAC1-D3B808EA4C4F}.Debug|x64.Build.0 = Debug|x64
		{2ED49886-2277-4061-AAC1-D3B808EA4C4F}.Debug|x86.ActiveCfg = Debug|x64
		{2ED49886-2277-4061-AAC1-D3B808EA4C4F}.Debug|x86.Build.0 = Debug|x64
		{2ED49886-2277-4061-AAC1-D3B808EA4C4F}.Release|Any CPU.ActiveCfg = Release|x64
		{2ED49886-2277-4061-AAC1-D3B808EA4C4F}.Release|Any CPU.Build.0 = Release|x64
		{2ED49886-2277-4061-AAC1-D3B808EA4C4F}.Release|x64.ActiveCfg = Release|x64
		{2ED49886-2277-4061-AAC1-D3B808EA4C4F}.Release|x64.Build.0 = Release|x64
		{2ED49886-2277-4061-AAC1-D3B808EA4C4F}.Release|x86.ActiveCfg = Release|x64
		{2ED49886-2277-4061-AAC1-D3B808EA4C4F}.Release|x86.Build.0 = Release|x64
	EndGlobalSection
	GlobalSection(SolutionProperties) = preSolution
		HideSolutionNode = FALSE
	EndGlobalSection
	GlobalSection(NestedProjects) = preSolution
		{DC9282B2-46FF-2A30-0663-EFD8AB75CB07} = {208BA388-4CEE-2CBF-559C-5607C099C1F8}
		{EFD3ED7A-966D-4207-8B06-AB5B05B35112} = {DC9282B2-46FF-2A30-0663-EFD8AB75CB07}
		{E9433713-0E80-45F6-B6CD-A37C80207785} = {DC9282B2-46FF-2A30-0663-EFD8AB75CB07}
		{2ED49886-2277-4061-AAC1-D3B808EA4C4F} = {DC9282B2-46FF-2A30-0663-EFD8AB75CB07}
	EndGlobalSection
EndGlobal
