
Microsoft Visual Studio Solution File, Format Version 12.00
# Visual Studio Version 17
VisualStudioVersion = 17.0.31903.59
MinimumVisualStudioVersion = 10.0.40219.1
Project("{FAE04EC0-301F-11D3-BF4B-00C04F79EFBC}") = "SRdeck", "SRdeck\SRdeck.csproj", "{86DC0AE3-115B-4538-A6F1-0533E28162A6}"
EndProject
Project("{FAE04EC0-301F-11D3-BF4B-00C04F79EFBC}") = "SRdeckCore.SignalProcessing", "SRdeckCore.SignalProcessing\SRdeckCore.SignalProcessing.csproj", "{B4ADFE6F-9D0A-4DFB-AB6C-A83E6EA34F72}"
EndProject
Project("{FAE04EC0-301F-11D3-BF4B-00C04F79EFBC}") = "SRdeckPlugin.Contracts", "SRdeckPlugin.Contracts\SRdeckPlugin.Contracts.csproj", "{EBB732E1-E315-41E7-A157-DCA507CB7A46}"
EndProject
Project("{FAE04EC0-301F-11D3-BF4B-00C04F79EFBC}") = "SRdeckPlugin.Sdk", "SRdeckPlugin.Sdk\SRdeckPlugin.Sdk.csproj", "{4ED44F3E-9A4B-42C4-8A0C-F8EB55D9C1C0}"
EndProject
Project("{FAE04EC0-301F-11D3-BF4B-00C04F79EFBC}") = "SRdeckPlugin.Wpf", "SRdeckPlugin.Wpf\SRdeckPlugin.Wpf.csproj", "{FA8B05B9-B7D1-48C2-A133-16B8A641ABED}"
EndProject
Project("{2150E333-8FDC-42A3-9474-1A3956D46DE8}") = "docs", "docs", "{208BA388-4CEE-2CBF-559C-5607C099C1F8}"
EndProject
Project("{2150E333-8FDC-42A3-9474-1A3956D46DE8}") = "samples", "samples", "{DC9282B2-46FF-2A30-0663-EFD8AB75CB07}"
EndProject
Project("{FAE04EC0-301F-11D3-BF4B-00C04F79EFBC}") = "SRdeckPlugin.Example", "docs\samples\SRdeckPlugin.Example\SRdeckPlugin.Example.csproj", "{885B62CC-2463-48A2-AFA9-054C90EF7FDA}"
EndProject
Project("{FAE04EC0-301F-11D3-BF4B-00C04F79EFBC}") = "SRdeckPlugin.Example.Tests", "docs\samples\SRdeckPlugin.Example.Tests\SRdeckPlugin.Example.Tests.csproj", "{040AF0F8-C42B-453C-8C78-C7FF85E75AE6}"
EndProject
Project("{FAE04EC0-301F-11D3-BF4B-00C04F79EFBC}") = "SRdeckPlugin.ChannelExample", "docs\samples\SRdeckPlugin.ChannelExample\SRdeckPlugin.ChannelExample.csproj", "{276556F0-9678-46B3-94A7-5E023F23D019}"
EndProject
Global
	GlobalSection(SolutionConfigurationPlatforms) = preSolution
		Debug|Any CPU = Debug|Any CPU
		Debug|x64 = Debug|x64
		Debug|x86 = Debug|x86
		Release|Any CPU = Release|Any CPU
		Release|x64 = Release|x64
		Release|x86 = Release|x86
	EndGlobalSection
	GlobalSection(ProjectConfigurationPlatforms) = postSolution
		{86DC0AE3-115B-4538-A6F1-0533E28162A6}.Debug|Any CPU.ActiveCfg = Debug|x64
		{86DC0AE3-115B-4538-A6F1-0533E28162A6}.Debug|Any CPU.Build.0 = Debug|x64
		{86DC0AE3-115B-4538-A6F1-0533E28162A6}.Debug|x64.ActiveCfg = Debug|x64
		{86DC0AE3-115B-4538-A6F1-0533E28162A6}.Debug|x64.Build.0 = Debug|x64
		{86DC0AE3-115B-4538-A6F1-0533E28162A6}.Debug|x86.ActiveCfg = Debug|x64
		{86DC0AE3-115B-4538-A6F1-0533E28162A6}.Debug|x86.Build.0 = Debug|x64
		{86DC0AE3-115B-4538-A6F1-0533E28162A6}.Release|Any CPU.ActiveCfg = Release|x64
		{86DC0AE3-115B-4538-A6F1-0533E28162A6}.Release|Any CPU.Build.0 = Release|x64
		{86DC0AE3-115B-4538-A6F1-0533E28162A6}.Release|x64.ActiveCfg = Release|x64
		{86DC0AE3-115B-4538-A6F1-0533E28162A6}.Release|x64.Build.0 = Release|x64
		{86DC0AE3-115B-4538-A6F1-0533E28162A6}.Release|x86.ActiveCfg = Release|x64
		{86DC0AE3-115B-4538-A6F1-0533E28162A6}.Release|x86.Build.0 = Release|x64
		{B4ADFE6F-9D0A-4DFB-AB6C-A83E6EA34F72}.Debug|Any CPU.ActiveCfg = Debug|x64
		{B4ADFE6F-9D0A-4DFB-AB6C-A83E6EA34F72}.Debug|Any CPU.Build.0 = Debug|x64
		{B4ADFE6F-9D0A-4DFB-AB6C-A83E6EA34F72}.Debug|x64.ActiveCfg = Debug|x64
		{B4ADFE6F-9D0A-4DFB-AB6C-A83E6EA34F72}.Debug|x64.Build.0 = Debug|x64
		{B4ADFE6F-9D0A-4DFB-AB6C-A83E6EA34F72}.Debug|x86.ActiveCfg = Debug|x64
		{B4ADFE6F-9D0A-4DFB-AB6C-A83E6EA34F72}.Debug|x86.Build.0 = Debug|x64
		{B4ADFE6F-9D0A-4DFB-AB6C-A83E6EA34F72}.Release|Any CPU.ActiveCfg = Release|x64
		{B4ADFE6F-9D0A-4DFB-AB6C-A83E6EA34F72}.Release|Any CPU.Build.0 = Release|x64
		{B4ADFE6F-9D0A-4DFB-AB6C-A83E6EA34F72}.Release|x64.ActiveCfg = Release|x64
		{B4ADFE6F-9D0A-4DFB-AB6C-A83E6EA34F72}.Release|x64.Build.0 = Release|x64
		{B4ADFE6F-9D0A-4DFB-AB6C-A83E6EA34F72}.Release|x86.ActiveCfg = Release|x64
		{B4ADFE6F-9D0A-4DFB-AB6C-A83E6EA34F72}.Release|x86.Build.0 = Release|x64
		{EBB732E1-E315-41E7-A157-DCA507CB7A46}.Debug|Any CPU.ActiveCfg = Debug|x64
		{EBB732E1-E315-41E7-A157-DCA507CB7A46}.Debug|Any CPU.Build.0 = Debug|x64
		{EBB732E1-E315-41E7-A157-DCA507CB7A46}.Debug|x64.ActiveCfg = Debug|x64
		{EBB732E1-E315-41E7-A157-DCA507CB7A46}.Debug|x64.Build.0 = Debug|x64
		{EBB732E1-E315-41E7-A157-DCA507CB7A46}.Debug|x86.ActiveCfg = Debug|x64
		{EBB732E1-E315-41E7-A157-DCA507CB7A46}.Debug|x86.Build.0 = Debug|x64
		{EBB732E1-E315-41E7-A157-DCA507CB7A46}.Release|Any CPU.ActiveCfg = Release|x64
		{EBB732E1-E315-41E7-A157-DCA507CB7A46}.Release|Any CPU.Build.0 = Release|x64
		{EBB732E1-E315-41E7-A157-DCA507CB7A46}.Release|x64.ActiveCfg = Release|x64
		{EBB732E1-E315-41E7-A157-DCA507CB7A46}.Release|x64.Build.0 = Release|x64
		{EBB732E1-E315-41E7-A157-DCA507CB7A46}.Release|x86.ActiveCfg = Release|x64
		{EBB732E1-E315-41E7-A157-DCA507CB7A46}.Release|x86.Build.0 = Release|x64
		{4ED44F3E-9A4B-42C4-8A0C-F8EB55D9C1C0}.Debug|Any CPU.ActiveCfg = Debug|x64
		{4ED44F3E-9A4B-42C4-8A0C-F8EB55D9C1C0}.Debug|Any CPU.Build.0 = Debug|x64
		{4ED44F3E-9A4B-42C4-8A0C-F8EB55D9C1C0}.Debug|x64.ActiveCfg = Debug|x64
		{4ED44F3E-9A4B-42C4-8A0C-F8EB55D9C1C0}.Debug|x64.Build.0 = Debug|x64
		{4ED44F3E-9A4B-42C4-8A0C-F8EB55D9C1C0}.Debug|x86.ActiveCfg = Debug|x64
		{4ED44F3E-9A4B-42C4-8A0C-F8EB55D9C1C0}.Debug|x86.Build.0 = Debug|x64
		{4ED44F3E-9A4B-42C4-8A0C-F8EB55D9C1C0}.Release|Any CPU.ActiveCfg = Release|x64
		{4ED44F3E-9A4B-42C4-8A0C-F8EB55D9C1C0}.Release|Any CPU.Build.0 = Release|x64
		{4ED44F3E-9A4B-42C4-8A0C-F8EB55D9C1C0}.Release|x64.ActiveCfg = Release|x64
		{4ED44F3E-9A4B-42C4-8A0C-F8EB55D9C1C0}.Release|x64.Build.0 = Release|x64
		{4ED44F3E-9A4B-42C4-8A0C-F8EB55D9C1C0}.Release|x86.ActiveCfg = Release|x64
		{4ED44F3E-9A4B-42C4-8A0C-F8EB55D9C1C0}.Release|x86.Build.0 = Release|x64
		{FA8B05B9-B7D1-48C2-A133-16B8A641ABED}.Debug|Any CPU.ActiveCfg = Debug|x64
		{FA8B05B9-B7D1-48C2-A133-16B8A641ABED}.Debug|Any CPU.Build.0 = Debug|x64
		{FA8B05B9-B7D1-48C2-A133-16B8A641ABED}.Debug|x64.ActiveCfg = Debug|x64
		{FA8B05B9-B7D1-48C2-A133-16B8A641ABED}.Debug|x64.Build.0 = Debug|x64
		{FA8B05B9-B7D1-48C2-A133-16B8A641ABED}.Debug|x86.ActiveCfg = Debug|x64
		{FA8B05B9-B7D1-48C2-A133-16B8A641ABED}.Debug|x86.Build.0 = Debug|x64
		{FA8B05B9-B7D1-48C2-A133-16B8A641ABED}.Release|Any CPU.ActiveCfg = Release|x64
		{FA8B05B9-B7D1-48C2-A133-16B8A641ABED}.Release|Any CPU.Build.0 = Release|x64
		{FA8B05B9-B7D1-48C2-A133-16B8A641ABED}.Release|x64.ActiveCfg = Release|x64
		{FA8B05B9-B7D1-48C2-A133-16B8A641ABED}.Release|x64.Build.0 = Release|x64
		{FA8B05B9-B7D1-48C2-A133-16B8A641ABED}.Release|x86.ActiveCfg = Release|x64
		{FA8B05B9-B7D1-48C2-A133-16B8A641ABED}.Release|x86.Build.0 = Release|x64
		{885B62CC-2463-48A2-AFA9-054C90EF7FDA}.Debug|Any CPU.ActiveCfg = Debug|x64
		{885B62CC-2463-48A2-AFA9-054C90EF7FDA}.Debug|Any CPU.Build.0 = Debug|x64
		{885B62CC-2463-48A2-AFA9-054C90EF7FDA}.Debug|x64.ActiveCfg = Debug|x64
		{885B62CC-2463-48A2-AFA9-054C90EF7FDA}.Debug|x64.Build.0 = Debug|x64
		{885B62CC-2463-48A2-AFA9-054C90EF7FDA}.Debug|x86.ActiveCfg = Debug|x64
		{885B62CC-2463-48A2-AFA9-054C90EF7FDA}.Debug|x86.Build.0 = Debug|x64
		{885B62CC-2463-48A2-AFA9-054C90EF7FDA}.Release|Any CPU.ActiveCfg = Release|x64
		{885B62CC-2463-48A2-AFA9-054C90EF7FDA}.Release|Any CPU.Build.0 = Release|x64
		{885B62CC-2463-48A2-AFA9-054C90EF7FDA}.Release|x64.ActiveCfg = Release|x64
		{885B62CC-2463-48A2-AFA9-054C90EF7FDA}.Release|x64.Build.0 = Release|x64
		{885B62CC-2463-48A2-AFA9-054C90EF7FDA}.Release|x86.ActiveCfg = Release|x64
		{885B62CC-2463-48A2-AFA9-054C90EF7FDA}.Release|x86.Build.0 = Release|x64
		{040AF0F8-C42B-453C-8C78-C7FF85E75AE6}.Debug|Any CPU.ActiveCfg = Debug|x64
		{040AF0F8-C42B-453C-8C78-C7FF85E75AE6}.Debug|Any CPU.Build.0 = Debug|x64
		{040AF0F8-C42B-453C-8C78-C7FF85E75AE6}.Debug|x64.ActiveCfg = Debug|x64
		{040AF0F8-C42B-453C-8C78-C7FF85E75AE6}.Debug|x64.Build.0 = Debug|x64
		{040AF0F8-C42B-453C-8C78-C7FF85E75AE6}.Debug|x86.ActiveCfg = Debug|x64
		{040AF0F8-C42B-453C-8C78-C7FF85E75AE6}.Debug|x86.Build.0 = Debug|x64
		{040AF0F8-C42B-453C-8C78-C7FF85E75AE6}.Release|Any CPU.ActiveCfg = Release|x64
		{040AF0F8-C42B-453C-8C78-C7FF85E75AE6}.Release|Any CPU.Build.0 = Release|x64
		{040AF0F8-C42B-453C-8C78-C7FF85E75AE6}.Release|x64.ActiveCfg = Release|x64
		{040AF0F8-C42B-453C-8C78-C7FF85E75AE6}.Release|x64.Build.0 = Release|x64
		{040AF0F8-C42B-453C-8C78-C7FF85E75AE6}.Release|x86.ActiveCfg = Release|x64
		{040AF0F8-C42B-453C-8C78-C7FF85E75AE6}.Release|x86.Build.0 = Release|x64
		{276556F0-9678-46B3-94A7-5E023F23D019}.Debug|Any CPU.ActiveCfg = Debug|x64
		{276556F0-9678-46B3-94A7-5E023F23D019}.Debug|Any CPU.Build.0 = Debug|x64
		{276556F0-9678-46B3-94A7-5E023F23D019}.Debug|x64.ActiveCfg = Debug|x64
		{276556F0-9678-46B3-94A7-5E023F23D019}.Debug|x64.Build.0 = Debug|x64
		{276556F0-9678-46B3-94A7-5E023F23D019}.Debug|x86.ActiveCfg = Debug|x64
		{276556F0-9678-46B3-94A7-5E023F23D019}.Debug|x86.Build.0 = Debug|x64
		{276556F0-9678-46B3-94A7-5E023F23D019}.Release|Any CPU.ActiveCfg = Release|x64
		{276556F0-9678-46B3-94A7-5E023F23D019}.Release|Any CPU.Build.0 = Release|x64
		{276556F0-9678-46B3-94A7-5E023F23D019}.Release|x64.ActiveCfg = Release|x64
		{276556F0-9678-46B3-94A7-5E023F23D019}.Release|x64.Build.0 = Release|x64
		{276556F0-9678-46B3-94A7-5E023F23D019}.Release|x86.ActiveCfg = Release|x64
		{276556F0-9678-46B3-94A7-5E023F23D019}.Release|x86.Build.0 = Release|x64
	EndGlobalSection
	GlobalSection(SolutionProperties) = preSolution
		HideSolutionNode = FALSE
	EndGlobalSection
	GlobalSection(NestedProjects) = preSolution
		{DC9282B2-46FF-2A30-0663-EFD8AB75CB07} = {208BA388-4CEE-2CBF-559C-5607C099C1F8}
		{885B62CC-2463-48A2-AFA9-054C90EF7FDA} = {DC9282B2-46FF-2A30-0663-EFD8AB75CB07}
		{040AF0F8-C42B-453C-8C78-C7FF85E75AE6} = {DC9282B2-46FF-2A30-0663-EFD8AB75CB07}
		{276556F0-9678-46B3-94A7-5E023F23D019} = {DC9282B2-46FF-2A30-0663-EFD8AB75CB07}
	EndGlobalSection
EndGlobal
