
Microsoft Visual Studio Solution File, Format Version 12.00
# Visual Studio Version 17
VisualStudioVersion = 17.0.31903.59
MinimumVisualStudioVersion = 10.0.40219.1
Project("{FAE04EC0-301F-11D3-BF4B-00C04F79EFBC}") = "SRdeck", "SRdeck\SRdeck.csproj", "{61724BBC-CEB8-4DA2-8E38-B76E2028E37E}"
EndProject
Project("{FAE04EC0-301F-11D3-BF4B-00C04F79EFBC}") = "SRdeckCore.SignalProcessing", "SRdeckCore.SignalProcessing\SRdeckCore.SignalProcessing.csproj", "{6583A88B-7B94-4601-AB43-28710339E46D}"
EndProject
Project("{FAE04EC0-301F-11D3-BF4B-00C04F79EFBC}") = "SRdeckPlugin.Contracts", "SRdeckPlugin.Contracts\SRdeckPlugin.Contracts.csproj", "{552FBBA9-1F9E-41BD-BF7D-69AF97296E90}"
EndProject
Project("{FAE04EC0-301F-11D3-BF4B-00C04F79EFBC}") = "SRdeckPlugin.Sdk", "SRdeckPlugin.Sdk\SRdeckPlugin.Sdk.csproj", "{DFA2FB14-87C6-4E59-A9F9-51C38ADF157F}"
EndProject
Project("{FAE04EC0-301F-11D3-BF4B-00C04F79EFBC}") = "SRdeckPlugin.Wpf", "SRdeckPlugin.Wpf\SRdeckPlugin.Wpf.csproj", "{926B4BC7-9393-4971-9037-51972A3FBB6D}"
EndProject
Project("{2150E333-8FDC-42A3-9474-1A3956D46DE8}") = "docs", "docs", "{208BA388-4CEE-2CBF-559C-5607C099C1F8}"
EndProject
Project("{2150E333-8FDC-42A3-9474-1A3956D46DE8}") = "samples", "samples", "{DC9282B2-46FF-2A30-0663-EFD8AB75CB07}"
EndProject
Project("{FAE04EC0-301F-11D3-BF4B-00C04F79EFBC}") = "SRdeckPlugin.Example", "docs\samples\SRdeckPlugin.Example\SRdeckPlugin.Example.csproj", "{EF618509-37EE-43B1-B12C-33972AB41ADD}"
EndProject
Project("{FAE04EC0-301F-11D3-BF4B-00C04F79EFBC}") = "SRdeckPlugin.Example.Tests", "docs\samples\SRdeckPlugin.Example.Tests\SRdeckPlugin.Example.Tests.csproj", "{A412207C-909D-47AB-A3D6-36988EB3FB3A}"
EndProject
Project("{FAE04EC0-301F-11D3-BF4B-00C04F79EFBC}") = "SRdeckPlugin.ChannelExample", "docs\samples\SRdeckPlugin.ChannelExample\SRdeckPlugin.ChannelExample.csproj", "{05E496A0-E0AC-4BB2-9738-FEC694EC598C}"
EndProject
Global
	GlobalSection(SolutionConfigurationPlatforms) = preSolution
		Debug|Any CPU = Debug|Any CPU
		Debug|x64 = Debug|x64
		Debug|x86 = Debug|x86
		Release|Any CPU = Release|Any CPU
		Release|x64 = Release|x64
		Release|x86 = Release|x86
	EndGlobalSection
	GlobalSection(ProjectConfigurationPlatforms) = postSolution
		{61724BBC-CEB8-4DA2-8E38-B76E2028E37E}.Debug|Any CPU.ActiveCfg = Debug|x64
		{61724BBC-CEB8-4DA2-8E38-B76E2028E37E}.Debug|Any CPU.Build.0 = Debug|x64
		{61724BBC-CEB8-4DA2-8E38-B76E2028E37E}.Debug|x64.ActiveCfg = Debug|x64
		{61724BBC-CEB8-4DA2-8E38-B76E2028E37E}.Debug|x64.Build.0 = Debug|x64
		{61724BBC-CEB8-4DA2-8E38-B76E2028E37E}.Debug|x86.ActiveCfg = Debug|x64
		{61724BBC-CEB8-4DA2-8E38-B76E2028E37E}.Debug|x86.Build.0 = Debug|x64
		{61724BBC-CEB8-4DA2-8E38-B76E2028E37E}.Release|Any CPU.ActiveCfg = Release|x64
		{61724BBC-CEB8-4DA2-8E38-B76E2028E37E}.Release|Any CPU.Build.0 = Release|x64
		{61724BBC-CEB8-4DA2-8E38-B76E2028E37E}.Release|x64.ActiveCfg = Release|x64
		{61724BBC-CEB8-4DA2-8E38-B76E2028E37E}.Release|x64.Build.0 = Release|x64
		{61724BBC-CEB8-4DA2-8E38-B76E2028E37E}.Release|x86.ActiveCfg = Release|x64
		{61724BBC-CEB8-4DA2-8E38-B76E2028E37E}.Release|x86.Build.0 = Release|x64
		{6583A88B-7B94-4601-AB43-28710339E46D}.Debug|Any CPU.ActiveCfg = Debug|x64
		{6583A88B-7B94-4601-AB43-28710339E46D}.Debug|Any CPU.Build.0 = Debug|x64
		{6583A88B-7B94-4601-AB43-28710339E46D}.Debug|x64.ActiveCfg = Debug|x64
		{6583A88B-7B94-4601-AB43-28710339E46D}.Debug|x64.Build.0 = Debug|x64
		{6583A88B-7B94-4601-AB43-28710339E46D}.Debug|x86.ActiveCfg = Debug|x64
		{6583A88B-7B94-4601-AB43-28710339E46D}.Debug|x86.Build.0 = Debug|x64
		{6583A88B-7B94-4601-AB43-28710339E46D}.Release|Any CPU.ActiveCfg = Release|x64
		{6583A88B-7B94-4601-AB43-28710339E46D}.Release|Any CPU.Build.0 = Release|x64
		{6583A88B-7B94-4601-AB43-28710339E46D}.Release|x64.ActiveCfg = Release|x64
		{6583A88B-7B94-4601-AB43-28710339E46D}.Release|x64.Build.0 = Release|x64
		{6583A88B-7B94-4601-AB43-28710339E46D}.Release|x86.ActiveCfg = Release|x64
		{6583A88B-7B94-4601-AB43-28710339E46D}.Release|x86.Build.0 = Release|x64
		{552FBBA9-1F9E-41BD-BF7D-69AF97296E90}.Debug|Any CPU.ActiveCfg = Debug|x64
		{552FBBA9-1F9E-41BD-BF7D-69AF97296E90}.Debug|Any CPU.Build.0 = Debug|x64
		{552FBBA9-1F9E-41BD-BF7D-69AF97296E90}.Debug|x64.ActiveCfg = Debug|x64
		{552FBBA9-1F9E-41BD-BF7D-69AF97296E90}.Debug|x64.Build.0 = Debug|x64
		{552FBBA9-1F9E-41BD-BF7D-69AF97296E90}.Debug|x86.ActiveCfg = Debug|x64
		{552FBBA9-1F9E-41BD-BF7D-69AF97296E90}.Debug|x86.Build.0 = Debug|x64
		{552FBBA9-1F9E-41BD-BF7D-69AF97296E90}.Release|Any CPU.ActiveCfg = Release|x64
		{552FBBA9-1F9E-41BD-BF7D-69AF97296E90}.Release|Any CPU.Build.0 = Release|x64
		{552FBBA9-1F9E-41BD-BF7D-69AF97296E90}.Release|x64.ActiveCfg = Release|x64
		{552FBBA9-1F9E-41BD-BF7D-69AF97296E90}.Release|x64.Build.0 = Release|x64
		{552FBBA9-1F9E-41BD-BF7D-69AF97296E90}.Release|x86.ActiveCfg = Release|x64
		{552FBBA9-1F9E-41BD-BF7D-69AF97296E90}.Release|x86.Build.0 = Release|x64
		{DFA2FB14-87C6-4E59-A9F9-51C38ADF157F}.Debug|Any CPU.ActiveCfg = Debug|x64
		{DFA2FB14-87C6-4E59-A9F9-51C38ADF157F}.Debug|Any CPU.Build.0 = Debug|x64
		{DFA2FB14-87C6-4E59-A9F9-51C38ADF157F}.Debug|x64.ActiveCfg = Debug|x64
		{DFA2FB14-87C6-4E59-A9F9-51C38ADF157F}.Debug|x64.Build.0 = Debug|x64
		{DFA2FB14-87C6-4E59-A9F9-51C38ADF157F}.Debug|x86.ActiveCfg = Debug|x64
		{DFA2FB14-87C6-4E59-A9F9-51C38ADF157F}.Debug|x86.Build.0 = Debug|x64
		{DFA2FB14-87C6-4E59-A9F9-51C38ADF157F}.Release|Any CPU.ActiveCfg = Release|x64
		{DFA2FB14-87C6-4E59-A9F9-51C38ADF157F}.Release|Any CPU.Build.0 = Release|x64
		{DFA2FB14-87C6-4E59-A9F9-51C38ADF157F}.Release|x64.ActiveCfg = Release|x64
		{DFA2FB14-87C6-4E59-A9F9-51C38ADF157F}.Release|x64.Build.0 = Release|x64
		{DFA2FB14-87C6-4E59-A9F9-51C38ADF157F}.Release|x86.ActiveCfg = Release|x64
		{DFA2FB14-87C6-4E59-A9F9-51C38ADF157F}.Release|x86.Build.0 = Release|x64
		{926B4BC7-9393-4971-9037-51972A3FBB6D}.Debug|Any CPU.ActiveCfg = Debug|x64
		{926B4BC7-9393-4971-9037-51972A3FBB6D}.Debug|Any CPU.Build.0 = Debug|x64
		{926B4BC7-9393-4971-9037-51972A3FBB6D}.Debug|x64.ActiveCfg = Debug|x64
		{926B4BC7-9393-4971-9037-51972A3FBB6D}.Debug|x64.Build.0 = Debug|x64
		{926B4BC7-9393-4971-9037-51972A3FBB6D}.Debug|x86.ActiveCfg = Debug|x64
		{926B4BC7-9393-4971-9037-51972A3FBB6D}.Debug|x86.Build.0 = Debug|x64
		{926B4BC7-9393-4971-9037-51972A3FBB6D}.Release|Any CPU.ActiveCfg = Release|x64
		{926B4BC7-9393-4971-9037-51972A3FBB6D}.Release|Any CPU.Build.0 = Release|x64
		{926B4BC7-9393-4971-9037-51972A3FBB6D}.Release|x64.ActiveCfg = Release|x64
		{926B4BC7-9393-4971-9037-51972A3FBB6D}.Release|x64.Build.0 = Release|x64
		{926B4BC7-9393-4971-9037-51972A3FBB6D}.Release|x86.ActiveCfg = Release|x64
		{926B4BC7-9393-4971-9037-51972A3FBB6D}.Release|x86.Build.0 = Release|x64
		{EF618509-37EE-43B1-B12C-33972AB41ADD}.Debug|Any CPU.ActiveCfg = Debug|x64
		{EF618509-37EE-43B1-B12C-33972AB41ADD}.Debug|Any CPU.Build.0 = Debug|x64
		{EF618509-37EE-43B1-B12C-33972AB41ADD}.Debug|x64.ActiveCfg = Debug|x64
		{EF618509-37EE-43B1-B12C-33972AB41ADD}.Debug|x64.Build.0 = Debug|x64
		{EF618509-37EE-43B1-B12C-33972AB41ADD}.Debug|x86.ActiveCfg = Debug|x64
		{EF618509-37EE-43B1-B12C-33972AB41ADD}.Debug|x86.Build.0 = Debug|x64
		{EF618509-37EE-43B1-B12C-33972AB41ADD}.Release|Any CPU.ActiveCfg = Release|x64
		{EF618509-37EE-43B1-B12C-33972AB41ADD}.Release|Any CPU.Build.0 = Release|x64
		{EF618509-37EE-43B1-B12C-33972AB41ADD}.Release|x64.ActiveCfg = Release|x64
		{EF618509-37EE-43B1-B12C-33972AB41ADD}.Release|x64.Build.0 = Release|x64
		{EF618509-37EE-43B1-B12C-33972AB41ADD}.Release|x86.ActiveCfg = Release|x64
		{EF618509-37EE-43B1-B12C-33972AB41ADD}.Release|x86.Build.0 = Release|x64
		{A412207C-909D-47AB-A3D6-36988EB3FB3A}.Debug|Any CPU.ActiveCfg = Debug|x64
		{A412207C-909D-47AB-A3D6-36988EB3FB3A}.Debug|Any CPU.Build.0 = Debug|x64
		{A412207C-909D-47AB-A3D6-36988EB3FB3A}.Debug|x64.ActiveCfg = Debug|x64
		{A412207C-909D-47AB-A3D6-36988EB3FB3A}.Debug|x64.Build.0 = Debug|x64
		{A412207C-909D-47AB-A3D6-36988EB3FB3A}.Debug|x86.ActiveCfg = Debug|x64
		{A412207C-909D-47AB-A3D6-36988EB3FB3A}.Debug|x86.Build.0 = Debug|x64
		{A412207C-909D-47AB-A3D6-36988EB3FB3A}.Release|Any CPU.ActiveCfg = Release|x64
		{A412207C-909D-47AB-A3D6-36988EB3FB3A}.Release|Any CPU.Build.0 = Release|x64
		{A412207C-909D-47AB-A3D6-36988EB3FB3A}.Release|x64.ActiveCfg = Release|x64
		{A412207C-909D-47AB-A3D6-36988EB3FB3A}.Release|x64.Build.0 = Release|x64
		{A412207C-909D-47AB-A3D6-36988EB3FB3A}.Release|x86.ActiveCfg = Release|x64
		{A412207C-909D-47AB-A3D6-36988EB3FB3A}.Release|x86.Build.0 = Release|x64
		{05E496A0-E0AC-4BB2-9738-FEC694EC598C}.Debug|Any CPU.ActiveCfg = Debug|x64
		{05E496A0-E0AC-4BB2-9738-FEC694EC598C}.Debug|Any CPU.Build.0 = Debug|x64
		{05E496A0-E0AC-4BB2-9738-FEC694EC598C}.Debug|x64.ActiveCfg = Debug|x64
		{05E496A0-E0AC-4BB2-9738-FEC694EC598C}.Debug|x64.Build.0 = Debug|x64
		{05E496A0-E0AC-4BB2-9738-FEC694EC598C}.Debug|x86.ActiveCfg = Debug|x64
		{05E496A0-E0AC-4BB2-9738-FEC694EC598C}.Debug|x86.Build.0 = Debug|x64
		{05E496A0-E0AC-4BB2-9738-FEC694EC598C}.Release|Any CPU.ActiveCfg = Release|x64
		{05E496A0-E0AC-4BB2-9738-FEC694EC598C}.Release|Any CPU.Build.0 = Release|x64
		{05E496A0-E0AC-4BB2-9738-FEC694EC598C}.Release|x64.ActiveCfg = Release|x64
		{05E496A0-E0AC-4BB2-9738-FEC694EC598C}.Release|x64.Build.0 = Release|x64
		{05E496A0-E0AC-4BB2-9738-FEC694EC598C}.Release|x86.ActiveCfg = Release|x64
		{05E496A0-E0AC-4BB2-9738-FEC694EC598C}.Release|x86.Build.0 = Release|x64
	EndGlobalSection
	GlobalSection(SolutionProperties) = preSolution
		HideSolutionNode = FALSE
	EndGlobalSection
	GlobalSection(NestedProjects) = preSolution
		{DC9282B2-46FF-2A30-0663-EFD8AB75CB07} = {208BA388-4CEE-2CBF-559C-5607C099C1F8}
		{EF618509-37EE-43B1-B12C-33972AB41ADD} = {DC9282B2-46FF-2A30-0663-EFD8AB75CB07}
		{A412207C-909D-47AB-A3D6-36988EB3FB3A} = {DC9282B2-46FF-2A30-0663-EFD8AB75CB07}
		{05E496A0-E0AC-4BB2-9738-FEC694EC598C} = {DC9282B2-46FF-2A30-0663-EFD8AB75CB07}
	EndGlobalSection
EndGlobal
